
Microsoft Visual Studio Solution File, Format Version 12.00
# Visual Studio 2013
VisualStudioVersion = 12.0.31101.0
MinimumVisualStudioVersion = 10.0.40219.1
Project("{F2A71F9B-5D33-465A-A702-920D77279786}") = "ShuckSitelet", "ShuckSitelet\ShuckSitelet.fsproj", "{8FE8FF1D-BC03-44B3-B5E4-BC21AF3F5683}"
EndProject
Project("{F2A71F9B-5D33-465A-A702-920D77279786}") = "ShuckOWin", "ShuckOWin\ShuckOWin.fsproj", "{C2E64583-0947-4FFB-A21B-4A39AB7C0F06}"
EndProject
Project("{F2A71F9B-5D33-465A-A702-920D77279786}") = "ShuckLib", "ShuckLib\ShuckLib.fsproj", "{210EF6D7-190E-4631-9BD5-C913EA5D006F}"
EndProject
Global
	GlobalSection(SolutionConfigurationPlatforms) = preSolution
		Debug|Any CPU = Debug|Any CPU
		Release|Any CPU = Release|Any CPU
	EndGlobalSection
	GlobalSection(ProjectConfigurationPlatforms) = postSolution
		{8FE8FF1D-BC03-44B3-B5E4-BC21AF3F5683}.Debug|Any CPU.ActiveCfg = Debug|Any CPU
		{8FE8FF1D-BC03-44B3-B5E4-BC21AF3F5683}.Debug|Any CPU.Build.0 = Debug|Any CPU
		{8FE8FF1D-BC03-44B3-B5E4-BC21AF3F5683}.Release|Any CPU.ActiveCfg = Release|Any CPU
		{8FE8FF1D-BC03-44B3-B5E4-BC21AF3F5683}.Release|Any CPU.Build.0 = Release|Any CPU
		{C2E64583-0947-4FFB-A21B-4A39AB7C0F06}.Debug|Any CPU.ActiveCfg = Debug|Any CPU
		{C2E64583-0947-4FFB-A21B-4A39AB7C0F06}.Debug|Any CPU.Build.0 = Debug|Any CPU
		{C2E64583-0947-4FFB-A21B-4A39AB7C0F06}.Release|Any CPU.ActiveCfg = Release|Any CPU
		{C2E64583-0947-4FFB-A21B-4A39AB7C0F06}.Release|Any CPU.Build.0 = Release|Any CPU
		{210EF6D7-190E-4631-9BD5-C913EA5D006F}.Debug|Any CPU.ActiveCfg = Debug|Any CPU
		{210EF6D7-190E-4631-9BD5-C913EA5D006F}.Debug|Any CPU.Build.0 = Debug|Any CPU
		{210EF6D7-190E-4631-9BD5-C913EA5D006F}.Release|Any CPU.ActiveCfg = Release|Any CPU
		{210EF6D7-190E-4631-9BD5-C913EA5D006F}.Release|Any CPU.Build.0 = Release|Any CPU
	EndGlobalSection
	GlobalSection(SolutionProperties) = preSolution
		HideSolutionNode = FALSE
	EndGlobalSection
EndGlobal
